
Microsoft Visual Studio Solution File, Format Version 12.00
# Visual Studio Version 17
VisualStudioVersion = 17.12.35527.113 d17.12
MinimumVisualStudioVersion = 10.0.40219.1
Project("{FAE04EC0-301F-11D3-BF4B-00C04F79EFBC}") = "SchoolProject.Api", "SchoolProject.Api\SchoolProject.Api.csproj", "{827E47AF-74CA-4EEC-9934-B3FB4F1F72A8}"
EndProject
Project("{FAE04EC0-301F-11D3-BF4B-00C04F79EFBC}") = "SchoolProject.Domain", "SchoolProject.Domain\SchoolProject.Domain.csproj", "{96361514-1164-4B15-932A-56D7220DDF32}"
EndProject
Project("{FAE04EC0-301F-11D3-BF4B-00C04F79EFBC}") = "SchoolProject.Infrastructure", "SchoolProject.Infrastructure\SchoolProject.Infrastructure.csproj", "{9E13BBB6-70FC-43D4-8AC9-021EEB85090F}"
EndProject
Project("{FAE04EC0-301F-11D3-BF4B-00C04F79EFBC}") = "SchoolProject.Services", "SchoolProject.Services\SchoolProject.Services.csproj", "{788C14F1-6524-481D-822D-1DFDE2EC1FAF}"
EndProject
Project("{FAE04EC0-301F-11D3-BF4B-00C04F79EFBC}") = "SchoolProject.Core", "SchoolProject.Core\SchoolProject.Core.csproj", "{2101E3D5-6182-4177-98B5-38005573CFB8}"
EndProject
Global
	GlobalSection(SolutionConfigurationPlatforms) = preSolution
		Debug|Any CPU = Debug|Any CPU
		Release|Any CPU = Release|Any CPU
	EndGlobalSection
	GlobalSection(ProjectConfigurationPlatforms) = postSolution
		{827E47AF-74CA-4EEC-9934-B3FB4F1F72A8}.Debug|Any CPU.ActiveCfg = Debug|Any CPU
		{827E47AF-74CA-4EEC-9934-B3FB4F1F72A8}.Debug|Any CPU.Build.0 = Debug|Any CPU
		{827E47AF-74CA-4EEC-9934-B3FB4F1F72A8}.Release|Any CPU.ActiveCfg = Release|Any CPU
		{827E47AF-74CA-4EEC-9934-B3FB4F1F72A8}.Release|Any CPU.Build.0 = Release|Any CPU
		{96361514-1164-4B15-932A-56D7220DDF32}.Debug|Any CPU.ActiveCfg = Debug|Any CPU
		{96361514-1164-4B15-932A-56D7220DDF32}.Debug|Any CPU.Build.0 = Debug|Any CPU
		{96361514-1164-4B15-932A-56D7220DDF32}.Release|Any CPU.ActiveCfg = Release|Any CPU
		{96361514-1164-4B15-932A-56D7220DDF32}.Release|Any CPU.Build.0 = Release|Any CPU
		{9E13BBB6-70FC-43D4-8AC9-021EEB85090F}.Debug|Any CPU.ActiveCfg = Debug|Any CPU
		{9E13BBB6-70FC-43D4-8AC9-021EEB85090F}.Debug|Any CPU.Build.0 = Debug|Any CPU
		{9E13BBB6-70FC-43D4-8AC9-021EEB85090F}.Release|Any CPU.ActiveCfg = Release|Any CPU
		{9E13BBB6-70FC-43D4-8AC9-021EEB85090F}.Release|Any CPU.Build.0 = Release|Any CPU
		{788C14F1-6524-481D-822D-1DFDE2EC1FAF}.Debug|Any CPU.ActiveCfg = Debug|Any CPU
		{788C14F1-6524-481D-822D-1DFDE2EC1FAF}.Debug|Any CPU.Build.0 = Debug|Any CPU
		{788C14F1-6524-481D-822D-1DFDE2EC1FAF}.Release|Any CPU.ActiveCfg = Release|Any CPU
		{788C14F1-6524-481D-822D-1DFDE2EC1FAF}.Release|Any CPU.Build.0 = Release|Any CPU
		{2101E3D5-6182-4177-98B5-38005573CFB8}.Debug|Any CPU.ActiveCfg = Debug|Any CPU
		{2101E3D5-6182-4177-98B5-38005573CFB8}.Debug|Any CPU.Build.0 = Debug|Any CPU
		{2101E3D5-6182-4177-98B5-38005573CFB8}.Release|Any CPU.ActiveCfg = Release|Any CPU
		{2101E3D5-6182-4177-98B5-38005573CFB8}.Release|Any CPU.Build.0 = Release|Any CPU
	EndGlobalSection
	GlobalSection(SolutionProperties) = preSolution
		HideSolutionNode = FALSE
	EndGlobalSection
EndGlobal
